
Microsoft Visual Studio Solution File, Format Version 12.00
# Visual Studio Version 16
VisualStudioVersion = 16.0.31829.152
MinimumVisualStudioVersion = 10.0.40219.1
Project("{FAE04EC0-301F-11D3-BF4B-00C04F79EFBC}") = "LogsKiller", "LogsKiller\LogsKiller.csproj", "{9686205E-68F7-4295-BDA7-6E21CA62C3DF}"
EndProject
Global
	GlobalSection(SolutionConfigurationPlatforms) = preSolution
		Debug|Any CPU = Debug|Any CPU
		Release|Any CPU = Release|Any CPU
	EndGlobalSection
	GlobalSection(ProjectConfigurationPlatforms) = postSolution
		{9686205E-68F7-4295-BDA7-6E21CA62C3DF}.Debug|Any CPU.ActiveCfg = Debug|Any CPU
		{9686205E-68F7-4295-BDA7-6E21CA62C3DF}.Debug|Any CPU.Build.0 = Debug|Any CPU
		{9686205E-68F7-4295-BDA7-6E21CA62C3DF}.Release|Any CPU.ActiveCfg = Release|Any CPU
		{9686205E-68F7-4295-BDA7-6E21CA62C3DF}.Release|Any CPU.Build.0 = Release|Any CPU
	EndGlobalSection
	GlobalSection(SolutionProperties) = preSolution
		HideSolutionNode = FALSE
	EndGlobalSection
	GlobalSection(ExtensibilityGlobals) = postSolution
		SolutionGuid = {73511C49-4B52-444D-A447-D7D313AD231E}
	EndGlobalSection
EndGlobal
